{
  "name": "find-basketball-square",
  "lockfileVersion": 2,
  "requires": true,
  "packages": {
    "": {
      "dependencies": {
        "@vant/weapp": "^1.11.7",
        "qqmap-wx-jssdk": "^1.0.0"
      }
    },
    "node_modules/@vant/weapp": {
      "version": "1.11.7",
      "resolved": "https://registry.npmjs.org/@vant/weapp/-/weapp-1.11.7.tgz",
      "integrity": "sha512-Rwn9BBnb4kHSV4XmvBicwtd42J+amEUfnFDcXJsGNPNX4a9c/DoT6YLsm4X1wB2+sQbdiQsbFBLAvGRBxCkD8g=="
    },
    "node_modules/qqmap-wx-jssdk": {
      "version": "1.0.0",
      "resolved": "https://registry.npmjs.org/qqmap-wx-jssdk/-/qqmap-wx-jssdk-1.0.0.tgz",
      "integrity": "sha512-wuaNetsA9/OKEQGgK1CNPsX6pppWpY10cQwQu1OHJplGMyMIMzK2bliMkNXjtry99qXYCsvDAWPqw2DI+/foJg=="
    }
  },
  "dependencies": {
    "@vant/weapp": {
      "version": "1.11.7",
      "resolved": "https://registry.npmjs.org/@vant/weapp/-/weapp-1.11.7.tgz",
      "integrity": "sha512-Rwn9BBnb4kHSV4XmvBicwtd42J+amEUfnFDcXJsGNPNX4a9c/DoT6YLsm4X1wB2+sQbdiQsbFBLAvGRBxCkD8g=="
    },
    "qqmap-wx-jssdk": {
      "version": "1.0.0",
      "resolved": "https://registry.npmjs.org/qqmap-wx-jssdk/-/qqmap-wx-jssdk-1.0.0.tgz",
      "integrity": "sha512-wuaNetsA9/OKEQGgK1CNPsX6pppWpY10cQwQu1OHJplGMyMIMzK2bliMkNXjtry99qXYCsvDAWPqw2DI+/foJg=="
    }
  }
}
